// !$*UTF8*$!
{
	archiveVersion = 1;
	classes = {
	};
	objectVersion = 56;
	objects = {


/* Begin PBXBuildFile section */
		395436E12B9C123400123456 /* AppDelegate.swift in Sources */ = {isa = PBXBuildFile; fileRef = 395436E02B9C123400123456 /* AppDelegate.swift */; };
/* End PBXBuildFile section */


/* Begin PBXFileReference section */
		395436E02B9C123400123456 /* AppDelegate.swift */ = {isa = PBXFileReference; lastKnownFileType = sourcecode.swift; path = AppDelegate.swift; sourceTree = "<group>"; };
		395436E22B9C123400123456 /* IPAAPIServer.app */ = {isa = PBXFileReference; includeInIndex = 0; lastKnownFileType = wrapper.application; path = IPAAPIServer.app; sourceTree = BUILT_PRODUCTS_DIR; };
		395436E32B9C123400123456 /* Info.plist */ = {isa = PBXFileReference; lastKnownFileType = text.plist.xml; path = Info.plist; sourceTree = "<group>"; };
/* End PBXFileReference section */


/* Begin PBXFrameworksBuildPhase section */
		395436DF2B9C123400123456 /* Frameworks */ = {
			isa = PBXFrameworksBuildPhase;
			buildActionMask = 2147483647;
			files = (
			);
			runOnlyForDeploymentPostprocessing = 0;
		};
/* End PBXFrameworksBuildPhase section */


/* Begin PBXGroup section */
		395436D92B9C123400123456 = {
			isa = PBXGroup;
			children = (
				395436E02B9C123400123456 /* AppDelegate.swift */,
				395436E32B9C123400123456 /* Info.plist */,
				395436E42B9C123400123456 /* Products */,
			);
			sourceTree = "<group>";
		};
		395436E42B9C123400123456 /* Products */ = {
			isa = PBXGroup;
			children = (
				395436E22B9C123400123456 /* IPAAPIServer.app */,
			);
			name = Products;
			sourceTree = "<group>";
		};
/* End PBXGroup section */


/* Begin PBXNativeTarget section */
		395436E12B9C123400123456 /* IPAAPIServer */ = {
			isa = PBXNativeTarget;
			buildConfigurationList = 395436E72B9C123400123456 /* Build configuration list for PBXNativeTarget "IPAAPIServer" */;
			buildPhases = (
				395436DE2B9C123400123456 /* Sources */,
				395436DF2B9C123400123456 /* Frameworks */,
			);
			buildRules = (
			);
			dependencies = (
			);
			name = IPAAPIServer;
			productName = IPAAPIServer;
			productReference = 395436E22B9C123400123456 /* IPAAPIServer.app */;
			productType = "com.apple.product-type.application";
		};
/* End PBXNativeTarget section */


/* Begin PBXProject section */
		395436DA2B9C123400123456 /* Project object */ = {
